# This file is autogenerated, do not edit; changes may be undone by the next 'dep ensure'.


[[projects]]
  name = "github.com/bxcodec/faker"
  packages = [
    ".",
    "support/slice"
  ]
  revision = "1e3dfd53d826aa0d096d235cf8525149287a2834"
  version = "v1.4.3"

[[projects]]
  name = "github.com/go-chi/chi"
  packages = ["."]
  revision = "e83ac2304db3c50cf03d96a2fcd39009d458bc35"
  version = "v3.3.2"

[solve-meta]
  analyzer-name = "dep"
  analyzer-version = 1
  inputs-digest = "42e870fc31455ae584fb2bba740e056ead5ad44c1394e6ac65f114fe569e1266"
  solver-name = "gps-cdcl"
  solver-version = 1
